
Microsoft Visual Studio Solution File, Format Version 11.00
# Visual Studio 2010
Project("{FAE04EC0-301F-11D3-BF4B-00C04F79EFBC}") = "XmlConfig", "XmlConfig\XmlConfig.csproj", "{EA1C10AA-25D0-4C56-BD63-66E689393375}"
EndProject
Project("{FAE04EC0-301F-11D3-BF4B-00C04F79EFBC}") = "XmlConfigExample", "XmlConfigExample\XmlConfigExample.csproj", "{04DA2A0A-24AB-4C66-9DBA-CDE5F228FABC}"
EndProject
Global
	GlobalSection(SolutionConfigurationPlatforms) = preSolution
		Debug|Any CPU = Debug|Any CPU
		Debug|Mixed Platforms = Debug|Mixed Platforms
		Debug|x86 = Debug|x86
		Release|Any CPU = Release|Any CPU
		Release|Mixed Platforms = Release|Mixed Platforms
		Release|x86 = Release|x86
	EndGlobalSection
	GlobalSection(ProjectConfigurationPlatforms) = postSolution
		{EA1C10AA-25D0-4C56-BD63-66E689393375}.Debug|Any CPU.ActiveCfg = Debug|Any CPU
		{EA1C10AA-25D0-4C56-BD63-66E689393375}.Debug|Any CPU.Build.0 = Debug|Any CPU
		{EA1C10AA-25D0-4C56-BD63-66E689393375}.Debug|Mixed Platforms.ActiveCfg = Debug|Any CPU
		{EA1C10AA-25D0-4C56-BD63-66E689393375}.Debug|Mixed Platforms.Build.0 = Debug|Any CPU
		{EA1C10AA-25D0-4C56-BD63-66E689393375}.Debug|x86.ActiveCfg = Debug|Any CPU
		{EA1C10AA-25D0-4C56-BD63-66E689393375}.Release|Any CPU.ActiveCfg = Release|Any CPU
		{EA1C10AA-25D0-4C56-BD63-66E689393375}.Release|Any CPU.Build.0 = Release|Any CPU
		{EA1C10AA-25D0-4C56-BD63-66E689393375}.Release|Mixed Platforms.ActiveCfg = Release|Any CPU
		{EA1C10AA-25D0-4C56-BD63-66E689393375}.Release|Mixed Platforms.Build.0 = Release|Any CPU
		{EA1C10AA-25D0-4C56-BD63-66E689393375}.Release|x86.ActiveCfg = Release|Any CPU
		{04DA2A0A-24AB-4C66-9DBA-CDE5F228FABC}.Debug|Any CPU.ActiveCfg = Debug|x86
		{04DA2A0A-24AB-4C66-9DBA-CDE5F228FABC}.Debug|Mixed Platforms.ActiveCfg = Debug|x86
		{04DA2A0A-24AB-4C66-9DBA-CDE5F228FABC}.Debug|Mixed Platforms.Build.0 = Debug|x86
		{04DA2A0A-24AB-4C66-9DBA-CDE5F228FABC}.Debug|x86.ActiveCfg = Debug|x86
		{04DA2A0A-24AB-4C66-9DBA-CDE5F228FABC}.Debug|x86.Build.0 = Debug|x86
		{04DA2A0A-24AB-4C66-9DBA-CDE5F228FABC}.Release|Any CPU.ActiveCfg = Release|x86
		{04DA2A0A-24AB-4C66-9DBA-CDE5F228FABC}.Release|Mixed Platforms.ActiveCfg = Release|x86
		{04DA2A0A-24AB-4C66-9DBA-CDE5F228FABC}.Release|Mixed Platforms.Build.0 = Release|x86
		{04DA2A0A-24AB-4C66-9DBA-CDE5F228FABC}.Release|x86.ActiveCfg = Release|x86
		{04DA2A0A-24AB-4C66-9DBA-CDE5F228FABC}.Release|x86.Build.0 = Release|x86
	EndGlobalSection
	GlobalSection(SolutionProperties) = preSolution
		HideSolutionNode = FALSE
	EndGlobalSection
EndGlobal
